
Microsoft Visual Studio Solution File, Format Version 12.00
# Visual Studio Version 16
VisualStudioVersion = 16.0.30320.27
MinimumVisualStudioVersion = 10.0.40219.1
Project("{FAE04EC0-301F-11D3-BF4B-00C04F79EFBC}") = "MD5 Pro Gramer", "MD5 Pro Gramer.csproj", "{FBE1EA06-19C7-48FA-BDCE-D0525AB26834}"
EndProject
Global
	GlobalSection(SolutionConfigurationPlatforms) = preSolution
		Debug|Any CPU = Debug|Any CPU
		Release|Any CPU = Release|Any CPU
	EndGlobalSection
	GlobalSection(ProjectConfigurationPlatforms) = postSolution
		{FBE1EA06-19C7-48FA-BDCE-D0525AB26834}.Debug|Any CPU.ActiveCfg = Debug|Any CPU
		{FBE1EA06-19C7-48FA-BDCE-D0525AB26834}.Debug|Any CPU.Build.0 = Debug|Any CPU
		{FBE1EA06-19C7-48FA-BDCE-D0525AB26834}.Release|Any CPU.ActiveCfg = Release|Any CPU
		{FBE1EA06-19C7-48FA-BDCE-D0525AB26834}.Release|Any CPU.Build.0 = Release|Any CPU
	EndGlobalSection
	GlobalSection(SolutionProperties) = preSolution
		HideSolutionNode = FALSE
	EndGlobalSection
	GlobalSection(ExtensibilityGlobals) = postSolution
		SolutionGuid = {4CE9C394-CB65-4328-AD4E-E415F13D46A1}
	EndGlobalSection
EndGlobal
